# This file is automatically @generated by Cargo.
# It is not intended for manual editing.
version = 3

[[package]]
name = "cl-generic-vec"
version = "0.1.4"
source = "registry+https://github.com/rust-lang/crates.io-index"
checksum = "588a1520e3da2e66e8011a25115c0f683ca4ee5831c9fc90225ae63da2df671b"

[[package]]
name = "generic-str"
version = "0.2.2"
dependencies = [
 "cl-generic-vec",
]
