# This file is automatically @generated by Cargo.
# It is not intended for manual editing.
version = 3

[[package]]
name = "cl-generic-vec"
version = "0.3.3"
source = "registry+https://github.com/rust-lang/crates.io-index"
checksum = "928bbac2485cd21ba262e5f0148eebd4753e1a64db262048c47bb46330d9c7b9"

[[package]]
name = "generic-str"
version = "0.3.1"
dependencies = [
 "cl-generic-vec",
]
