# This file is automatically @generated by Cargo.
# It is not intended for manual editing.
version = 3

[[package]]
name = "cl-generic-vec"
version = "0.3.1"
source = "registry+https://github.com/rust-lang/crates.io-index"
checksum = "8fc3cc8cdc1acb2d5a03cc58ef1cc1202bd1cf1f110db303e5b978f704ee4a1b"

[[package]]
name = "generic-str"
version = "0.3.0"
dependencies = [
 "cl-generic-vec",
]
